<?xml version="1.0" encoding="utf-8"?>
<Project ToolsVersion="4.0" xmlns="http://schemas.microsoft.com/developer/msbuild/2003">
  <ItemGroup>
    <Filter Include="Source Files">
      <UniqueIdentifier>{4FC737F1-C7A5-4376-A066-2A32D752A2FF}</UniqueIdentifier>
      <Extensions>cpp;c;cc;cxx;def;odl;idl;hpj;bat;asm;asmx</Extensions>
    </Filter>
    <Filter Include="Header Files">
      <UniqueIdentifier>{93995380-89BD-4b04-88EB-625FBE52EBFB}</UniqueIdentifier>
      <Extensions>h;hh;hpp;hxx;hm;inl;inc;xsd</Extensions>
    </Filter>
    <Filter Include="Header Files\Hooks">
      <UniqueIdentifier>{8b0822c6-f544-44c8-bdb3-94e7721d3ab8}</UniqueIdentifier>
    </Filter>
    <Filter Include="Header Files\Features">
      <UniqueIdentifier>{d3f5c8fd-0a5b-4978-8ffb-076be2704f5d}</UniqueIdentifier>
    </Filter>
    <Filter Include="Header Files\Features\Moves">
      <UniqueIdentifier>{72c3fdfd-46fc-4451-8d94-5c5a9001603a}</UniqueIdentifier>
    </Filter>
    <Filter Include="Header Files\Features\Visuals">
      <UniqueIdentifier>{dbf3d045-9f04-4258-9444-a6ede0dd6745}</UniqueIdentifier>
    </Filter>
    <Filter Include="Resource Files">
      <UniqueIdentifier>{67DA6AB6-F800-4c08-8B7A-83BB121AAD01}</UniqueIdentifier>
      <Extensions>rc;ico;cur;bmp;dlg;rc2;rct;bin;rgs;gif;jpg;jpeg;jpe;resx;tiff;tif;png;wav;mfcribbon-ms</Extensions>
    </Filter>
    <Filter Include="Header Files\Features\Misc">
      <UniqueIdentifier>{af027605-4b5b-4c4b-af26-ec2bf7098e8e}</UniqueIdentifier>
    </Filter>
    <Filter Include="Header Files\SDK">
      <UniqueIdentifier>{4c95bae1-1098-4e52-9250-72d1bfea2199}</UniqueIdentifier>
    </Filter>
    <Filter Include="Header Files\SDK\Utl">
      <UniqueIdentifier>{4b790f47-a50a-441e-b2fb-903d1614fb69}</UniqueIdentifier>
    </Filter>
    <Filter Include="Header Files\SDK\Interfaces">
      <UniqueIdentifier>{5c330642-a795-45b4-bbb4-c0a66beba95d}</UniqueIdentifier>
    </Filter>
  </ItemGroup>
  <ItemGroup>
    <ClInclude Include="Features\Features.h">
      <Filter>Header Files\Features</Filter>
    </ClInclude>
    <ClInclude Include="Hooks\Hooks.h">
      <Filter>Header Files\Hooks</Filter>
    </ClInclude>
    <ClInclude Include="SDK\Utl\UtlMemory.h">
      <Filter>Header Files\SDK\Utl</Filter>
    </ClInclude>
    <ClInclude Include="SDK\Utl\UtlString.h">
      <Filter>Header Files\SDK\Utl</Filter>
    </ClInclude>
    <ClInclude Include="SDK\Utl\UtlVector.h">
      <Filter>Header Files\SDK\Utl</Filter>
    </ClInclude>
    <ClInclude Include="SDK\Color.h">
      <Filter>Header Files\SDK</Filter>
    </ClInclude>
    <ClInclude Include="SDK\Entity.h">
      <Filter>Header Files\SDK</Filter>
    </ClInclude>
    <ClInclude Include="SDK\GlobalVars.h">
      <Filter>Header Files\SDK</Filter>
    </ClInclude>
    <ClInclude Include="SDK\KeyValues.h">
      <Filter>Header Files\SDK</Filter>
    </ClInclude>
    <ClInclude Include="SDK\Material.h">
      <Filter>Header Files\SDK</Filter>
    </ClInclude>
    <ClInclude Include="SDK\Model.h">
      <Filter>Header Files\SDK</Filter>
    </ClInclude>
    <ClInclude Include="SDK\UserCmd.h">
      <Filter>Header Files\SDK</Filter>
    </ClInclude>
    <ClInclude Include="SDK\Vector.h">
      <Filter>Header Files\SDK</Filter>
    </ClInclude>
    <ClInclude Include="SDK\Weapon.h">
      <Filter>Header Files\SDK</Filter>
    </ClInclude>
    <ClInclude Include="Draw.h">
      <Filter>Header Files</Filter>
    </ClInclude>
    <ClInclude Include="NetVars.h">
      <Filter>Header Files</Filter>
    </ClInclude>
    <ClInclude Include="Signatures.h">
      <Filter>Header Files</Filter>
    </ClInclude>
    <ClInclude Include="stdafx.h">
      <Filter>Header Files</Filter>
    </ClInclude>
    <ClInclude Include="VTH.h">
      <Filter>Header Files</Filter>
    </ClInclude>
    <ClInclude Include="SDK\Player.h">
      <Filter>Header Files\SDK</Filter>
    </ClInclude>
    <ClInclude Include="SDK\ConVar.h">
      <Filter>Header Files\SDK</Filter>
    </ClInclude>
    <ClInclude Include="Misc.h">
      <Filter>Header Files</Filter>
    </ClInclude>
    <ClInclude Include="SDK\GameRules.h">
      <Filter>Header Files\SDK</Filter>
    </ClInclude>
    <ClInclude Include="SDK\Globals.h">
      <Filter>Header Files\SDK</Filter>
    </ClInclude>
    <ClInclude Include="SDK\Trace.h">
      <Filter>Header Files\SDK</Filter>
    </ClInclude>
    <ClInclude Include="Features\Moves\Backtrack.h">
      <Filter>Header Files\Features\Moves</Filter>
    </ClInclude>
    <ClInclude Include="Features\Moves\Moves.h">
      <Filter>Header Files\Features\Moves</Filter>
    </ClInclude>
    <ClInclude Include="Features\Visuals\ESP.h">
      <Filter>Header Files\Features\Visuals</Filter>
    </ClInclude>
    <ClInclude Include="Features\Visuals\Visuals.h">
      <Filter>Header Files\Features\Visuals</Filter>
    </ClInclude>
    <ClInclude Include="resource.h">
      <Filter>Header Files</Filter>
    </ClInclude>
    <ClInclude Include="Features\Misc\Misc.h">
      <Filter>Header Files\Features\Misc</Filter>
    </ClInclude>
    <ClInclude Include="SDK\PlayerResource.h">
      <Filter>Header Files\SDK</Filter>
    </ClInclude>
    <ClInclude Include="Hooks\ClientMode.h">
      <Filter>Header Files\Hooks</Filter>
    </ClInclude>
    <ClInclude Include="Hooks\ModelRender.h">
      <Filter>Header Files\Hooks</Filter>
    </ClInclude>
    <ClInclude Include="Hooks\EngineSound.h">
      <Filter>Header Files\Hooks</Filter>
    </ClInclude>
    <ClInclude Include="Hooks\Client.h">
      <Filter>Header Files\Hooks</Filter>
    </ClInclude>
    <ClInclude Include="Hooks\Panel.h">
      <Filter>Header Files\Hooks</Filter>
    </ClInclude>
    <ClInclude Include="Hooks\ConVars.h">
      <Filter>Header Files\Hooks</Filter>
    </ClInclude>
    <ClInclude Include="Hooks\RenderView.h">
      <Filter>Header Files\Hooks</Filter>
    </ClInclude>
    <ClInclude Include="SDK\Glow.h">
      <Filter>Header Files\SDK</Filter>
    </ClInclude>
    <ClInclude Include="Features\Moves\AntiAim.h">
      <Filter>Header Files\Features\Moves</Filter>
    </ClInclude>
    <ClInclude Include="SDK\GameEventListener.h">
      <Filter>Header Files\SDK</Filter>
    </ClInclude>
    <ClInclude Include="Features\Misc\Events.h">
      <Filter>Header Files\Features\Misc</Filter>
    </ClInclude>
    <ClInclude Include="SDK\Logging.h">
      <Filter>Header Files\SDK</Filter>
    </ClInclude>
    <ClInclude Include="SDK\View.h">
      <Filter>Header Files\SDK</Filter>
    </ClInclude>
    <ClInclude Include="SDK\Utl\UtlSymbol.h">
      <Filter>Header Files\SDK\Utl</Filter>
    </ClInclude>
    <ClInclude Include="SDK\AnimState.h">
      <Filter>Header Files\SDK</Filter>
    </ClInclude>
    <ClInclude Include="SDK\Interfaces\BaseClient.h">
      <Filter>Header Files\SDK\Interfaces</Filter>
    </ClInclude>
    <ClInclude Include="SDK\Interfaces\ClientEntityList.h">
      <Filter>Header Files\SDK\Interfaces</Filter>
    </ClInclude>
    <ClInclude Include="SDK\Interfaces\Cvar.h">
      <Filter>Header Files\SDK\Interfaces</Filter>
    </ClInclude>
    <ClInclude Include="SDK\Interfaces\DebugOverlay.h">
      <Filter>Header Files\SDK\Interfaces</Filter>
    </ClInclude>
    <ClInclude Include="SDK\Interfaces\EngineClient.h">
      <Filter>Header Files\SDK\Interfaces</Filter>
    </ClInclude>
    <ClInclude Include="SDK\Interfaces\EngineTrace.h">
      <Filter>Header Files\SDK\Interfaces</Filter>
    </ClInclude>
    <ClInclude Include="SDK\Interfaces\GameEvent.h">
      <Filter>Header Files\SDK\Interfaces</Filter>
    </ClInclude>
    <ClInclude Include="SDK\Interfaces\Inputs.h">
      <Filter>Header Files\SDK\Interfaces</Filter>
    </ClInclude>
    <ClInclude Include="SDK\Interfaces\Interfaces.h">
      <Filter>Header Files\SDK\Interfaces</Filter>
    </ClInclude>
    <ClInclude Include="SDK\Interfaces\KeyValuesSystem.h">
      <Filter>Header Files\SDK\Interfaces</Filter>
    </ClInclude>
    <ClInclude Include="SDK\Interfaces\MaterialSystem.h">
      <Filter>Header Files\SDK\Interfaces</Filter>
    </ClInclude>
    <ClInclude Include="SDK\Interfaces\MDLCache.h">
      <Filter>Header Files\SDK\Interfaces</Filter>
    </ClInclude>
    <ClInclude Include="SDK\Interfaces\MemAlloc.h">
      <Filter>Header Files\SDK\Interfaces</Filter>
    </ClInclude>
    <ClInclude Include="SDK\Interfaces\ModelInfo.h">
      <Filter>Header Files\SDK\Interfaces</Filter>
    </ClInclude>
    <ClInclude Include="SDK\Interfaces\ModelRender.h">
      <Filter>Header Files\SDK\Interfaces</Filter>
    </ClInclude>
    <ClInclude Include="SDK\Interfaces\Panel.h">
      <Filter>Header Files\SDK\Interfaces</Filter>
    </ClInclude>
    <ClInclude Include="SDK\Interfaces\RenderView.h">
      <Filter>Header Files\SDK\Interfaces</Filter>
    </ClInclude>
    <ClInclude Include="SDK\Interfaces\Steam.h">
      <Filter>Header Files\SDK\Interfaces</Filter>
    </ClInclude>
    <ClInclude Include="SDK\Interfaces\Surface.h">
      <Filter>Header Files\SDK\Interfaces</Filter>
    </ClInclude>
    <ClInclude Include="SDK\Interfaces\EngineSound.h">
      <Filter>Header Files\SDK\Interfaces</Filter>
    </ClInclude>
    <ClInclude Include="SDK\RecipientFilter.h">
      <Filter>Header Files\SDK</Filter>
    </ClInclude>
    <ClInclude Include="Hooks\EngineClient.h">
      <Filter>Header Files\Hooks</Filter>
    </ClInclude>
    <ClInclude Include="Settings.h">
      <Filter>Header Files</Filter>
    </ClInclude>
    <ClInclude Include="Hooks\NetChannel.h">
      <Filter>Header Files\Hooks</Filter>
    </ClInclude>
    <ClInclude Include="Hooks\BSPTree.h">
      <Filter>Header Files\Hooks</Filter>
    </ClInclude>
    <ClInclude Include="SDK\CLZSS.h">
      <Filter>Header Files\SDK</Filter>
    </ClInclude>
    <ClInclude Include="Hooks\ClientState.h">
      <Filter>Header Files\Hooks</Filter>
    </ClInclude>
    <ClInclude Include="SDK\bitbuf.h">
      <Filter>Header Files\SDK</Filter>
    </ClInclude>
    <ClInclude Include="SDK\Platform.h">
      <Filter>Header Files\SDK</Filter>
    </ClInclude>
    <ClInclude Include="SDK\Worldsize.h">
      <Filter>Header Files\SDK</Filter>
    </ClInclude>
    <ClInclude Include="SDK\Networking.h">
      <Filter>Header Files\SDK</Filter>
    </ClInclude>
  </ItemGroup>
  <ItemGroup>
    <ClCompile Include="stdafx.cpp">
      <Filter>Source Files</Filter>
    </ClCompile>
    <ClCompile Include="Main.cpp">
      <Filter>Source Files</Filter>
    </ClCompile>
  </ItemGroup>
  <ItemGroup>
    <ResourceCompile Include="heck_internal.rc">
      <Filter>Resource Files</Filter>
    </ResourceCompile>
  </ItemGroup>
  <ItemGroup>
    <Font Include="Resources\CSGO_Equipment.ttf">
      <Filter>Resource Files</Filter>
    </Font>
  </ItemGroup>
</Project>